
Microsoft Visual Studio Solution File, Format Version 12.00
# Visual Studio 2012
Project("{FAE04EC0-301F-11D3-BF4B-00C04F79EFBC}") = "NetMessage.NetMQ", "NetMessage.NetMQ\NetMessage.NetMQ.csproj", "{11C5EA68-60AE-42E9-927A-E7F4CCF0311E}"
EndProject
Project("{FAE04EC0-301F-11D3-BF4B-00C04F79EFBC}") = "NetMessage.Core", "NetMessage.Core\NetMessage.Core.csproj", "{28919040-A12D-4B4E-A478-E149FE99F0CC}"
EndProject
Project("{FAE04EC0-301F-11D3-BF4B-00C04F79EFBC}") = "ConsoleApplication1", "ConsoleApplication1\ConsoleApplication1.csproj", "{7C0CD2D6-FC4D-4CD7-96FC-DF13628D9307}"
EndProject
Project("{FAE04EC0-301F-11D3-BF4B-00C04F79EFBC}") = "ConsoleApplication2", "ConsoleApplication2\ConsoleApplication2.csproj", "{79518F6F-ACC6-488D-80AB-CB554017A131}"
EndProject
Global
	GlobalSection(SolutionConfigurationPlatforms) = preSolution
		Debug|Any CPU = Debug|Any CPU
		Release|Any CPU = Release|Any CPU
	EndGlobalSection
	GlobalSection(ProjectConfigurationPlatforms) = postSolution
		{11C5EA68-60AE-42E9-927A-E7F4CCF0311E}.Debug|Any CPU.ActiveCfg = Debug|Any CPU
		{11C5EA68-60AE-42E9-927A-E7F4CCF0311E}.Debug|Any CPU.Build.0 = Debug|Any CPU
		{11C5EA68-60AE-42E9-927A-E7F4CCF0311E}.Release|Any CPU.ActiveCfg = Release|Any CPU
		{11C5EA68-60AE-42E9-927A-E7F4CCF0311E}.Release|Any CPU.Build.0 = Release|Any CPU
		{28919040-A12D-4B4E-A478-E149FE99F0CC}.Debug|Any CPU.ActiveCfg = Debug|Any CPU
		{28919040-A12D-4B4E-A478-E149FE99F0CC}.Debug|Any CPU.Build.0 = Debug|Any CPU
		{28919040-A12D-4B4E-A478-E149FE99F0CC}.Release|Any CPU.ActiveCfg = Release|Any CPU
		{28919040-A12D-4B4E-A478-E149FE99F0CC}.Release|Any CPU.Build.0 = Release|Any CPU
		{7C0CD2D6-FC4D-4CD7-96FC-DF13628D9307}.Debug|Any CPU.ActiveCfg = Debug|Any CPU
		{7C0CD2D6-FC4D-4CD7-96FC-DF13628D9307}.Debug|Any CPU.Build.0 = Debug|Any CPU
		{7C0CD2D6-FC4D-4CD7-96FC-DF13628D9307}.Release|Any CPU.ActiveCfg = Release|Any CPU
		{7C0CD2D6-FC4D-4CD7-96FC-DF13628D9307}.Release|Any CPU.Build.0 = Release|Any CPU
		{79518F6F-ACC6-488D-80AB-CB554017A131}.Debug|Any CPU.ActiveCfg = Debug|Any CPU
		{79518F6F-ACC6-488D-80AB-CB554017A131}.Debug|Any CPU.Build.0 = Debug|Any CPU
		{79518F6F-ACC6-488D-80AB-CB554017A131}.Release|Any CPU.ActiveCfg = Release|Any CPU
		{79518F6F-ACC6-488D-80AB-CB554017A131}.Release|Any CPU.Build.0 = Release|Any CPU
	EndGlobalSection
	GlobalSection(SolutionProperties) = preSolution
		HideSolutionNode = FALSE
	EndGlobalSection
EndGlobal
